
Microsoft Visual Studio Solution File, Format Version 12.00
# Visual Studio 2013
VisualStudioVersion = 12.0.40629.0
MinimumVisualStudioVersion = 10.0.40219.1
Project("{FAE04EC0-301F-11D3-BF4B-00C04F79EFBC}") = "geometry-api-cs", "geometry-api-cs.csproj", "{021BC608-4EA1-49FE-90A0-D080B44E863D}"
EndProject
Project("{FAE04EC0-301F-11D3-BF4B-00C04F79EFBC}") = "visual-studio-tests", "visual-studio-tests\visual-studio-tests.csproj", "{F6AB08D8-C014-48FE-971D-3777E7A688B8}"
EndProject
Project("{FAE04EC0-301F-11D3-BF4B-00C04F79EFBC}") = "linux-tests", "linux-tests\linux-tests.csproj", "{3557A654-0C3C-4C0F-9DA1-B67F596A6B68}"
EndProject
Global
	GlobalSection(SolutionConfigurationPlatforms) = preSolution
		Debug|Any CPU = Debug|Any CPU
		Release|Any CPU = Release|Any CPU
	EndGlobalSection
	GlobalSection(ProjectConfigurationPlatforms) = postSolution
		{021BC608-4EA1-49FE-90A0-D080B44E863D}.Debug|Any CPU.ActiveCfg = Debug|Any CPU
		{021BC608-4EA1-49FE-90A0-D080B44E863D}.Debug|Any CPU.Build.0 = Debug|Any CPU
		{021BC608-4EA1-49FE-90A0-D080B44E863D}.Release|Any CPU.ActiveCfg = Release|Any CPU
		{021BC608-4EA1-49FE-90A0-D080B44E863D}.Release|Any CPU.Build.0 = Release|Any CPU
		{3557A654-0C3C-4C0F-9DA1-B67F596A6B68}.Debug|Any CPU.ActiveCfg = Debug|Any CPU
		{3557A654-0C3C-4C0F-9DA1-B67F596A6B68}.Debug|Any CPU.Build.0 = Debug|Any CPU
		{3557A654-0C3C-4C0F-9DA1-B67F596A6B68}.Release|Any CPU.ActiveCfg = Release|Any CPU
		{3557A654-0C3C-4C0F-9DA1-B67F596A6B68}.Release|Any CPU.Build.0 = Release|Any CPU
		{F6AB08D8-C014-48FE-971D-3777E7A688B8}.Debug|Any CPU.ActiveCfg = Debug|Any CPU
		{F6AB08D8-C014-48FE-971D-3777E7A688B8}.Debug|Any CPU.Build.0 = Debug|Any CPU
		{F6AB08D8-C014-48FE-971D-3777E7A688B8}.Release|Any CPU.ActiveCfg = Release|Any CPU
		{F6AB08D8-C014-48FE-971D-3777E7A688B8}.Release|Any CPU.Build.0 = Release|Any CPU
	EndGlobalSection
	GlobalSection(SolutionProperties) = preSolution
		HideSolutionNode = FALSE
	EndGlobalSection
EndGlobal
